// !$*UTF8*$!
{
	archiveVersion = 1;
	classes = {
	};
	objectVersion = 50;
	objects = {

/* Begin PBXBuildFile section */
		0C9EE9AB2259D4C50001B4FE /* NoteTest.swift in Sources */ = {isa = PBXBuildFile; fileRef = 0C9EE9AA2259D4C50001B4FE /* NoteTest.swift */; };
		0C9EE9AF2259FF300001B4FE /* NoteServiceTest.swift in Sources */ = {isa = PBXBuildFile; fileRef = 0C9EE9AE2259FF300001B4FE /* NoteServiceTest.swift */; };
		0C6F3741225AC0CB0060EC2B /* GoogleService-Info.plist in Resources */ = {isa = PBXBuildFile; fileRef = 0C6F3740225AC0CB0060EC2B /* GoogleService-Info.plist */; };
		0C6F3743225AC21B0060EC2B /* AnalyticsService.swift in Sources */ = {isa = PBXBuildFile; fileRef = 0C6F3742225AC21B0060EC2B /* AnalyticsService.swift */; };
		0C6F3745225AF72B0060EC2B /* NoteAnalyticsService.swift in Sources */ = {isa = PBXBuildFile; fileRef = 0C6F3744225AF72B0060EC2B /* NoteAnalyticsService.swift */; };
		0CC2415C2247E6E300D681D4 /* UIView.swift in Sources */ = {isa = PBXBuildFile; fileRef = 0CC2415B2247E6E300D681D4 /* UIView.swift */; };
		0CC2415E224AFFC100D681D4 /* String.swift in Sources */ = {isa = PBXBuildFile; fileRef = 0CC2415D224AFFC100D681D4 /* String.swift */; };
		0CC24160224B08BA00D681D4 /* Date.swift in Sources */ = {isa = PBXBuildFile; fileRef = 0CC2415F224B08BA00D681D4 /* Date.swift */; };
		0CDC11C522588EEF006AE47B /* UIViewController.swift in Sources */ = {isa = PBXBuildFile; fileRef = 0CDC11C422588EEF006AE47B /* UIViewController.swift */; };
		0CDC11C72259274A006AE47B /* UIFont.swift in Sources */ = {isa = PBXBuildFile; fileRef = 0CDC11C62259274A006AE47B /* UIFont.swift */; };
		0CE0BDA32246E4B6001C6401 /* NoteService.swift in Sources */ = {isa = PBXBuildFile; fileRef = 0CE0BDA22246E4B6001C6401 /* NoteService.swift */; };
		0CE0BDA92246F71B001C6401 /* NoteController.swift in Sources */ = {isa = PBXBuildFile; fileRef = 0CE0BDA82246F71B001C6401 /* NoteController.swift */; };
		0CE0BDAE22472C02001C6401 /* NotesDataModel.xcdatamodeld in Sources */ = {isa = PBXBuildFile; fileRef = 0CE0BDAC22472C02001C6401 /* NotesDataModel.xcdatamodeld */; };
		0CE0BDB022473F16001C6401 /* Note.swift in Sources */ = {isa = PBXBuildFile; fileRef = 0CE0BDAF22473F16001C6401 /* Note.swift */; };
		0CFAB6DB2246CC75004AA4C7 /* AppDelegate.swift in Sources */ = {isa = PBXBuildFile; fileRef = 0CFAB6DA2246CC75004AA4C7 /* AppDelegate.swift */; };
		0CFAB6DD2246CC75004AA4C7 /* NoteListViewController.swift in Sources */ = {isa = PBXBuildFile; fileRef = 0CFAB6DC2246CC75004AA4C7 /* NoteListViewController.swift */; };
		0CFAB6E22246CC75004AA4C7 /* Assets.xcassets in Resources */ = {isa = PBXBuildFile; fileRef = 0CFAB6E12246CC75004AA4C7 /* Assets.xcassets */; };
		0CFAB6E52246CC75004AA4C7 /* LaunchScreen.storyboard in Resources */ = {isa = PBXBuildFile; fileRef = 0CFAB6E32246CC75004AA4C7 /* LaunchScreen.storyboard */; };
		28186047C557FA20AF1808CD /* Pods_notes.framework in Frameworks */ = {isa = PBXBuildFile; fileRef = D5DED100D189F48119165771 /* Pods_notes.framework */; };
		34AA1F2CDE20F29F7234AAFE /* Pods_notesTests.framework in Frameworks */ = {isa = PBXBuildFile; fileRef = DD0CD553672359178709F12F /* Pods_notesTests.framework */; };
/* End PBXBuildFile section */

/* Begin PBXContainerItemProxy section */
		0CFAB6EC2246CC75004AA4C7 /* PBXContainerItemProxy */ = {
			isa = PBXContainerItemProxy;
			containerPortal = 0CFAB6CF2246CC75004AA4C7 /* Project object */;
			proxyType = 1;
			remoteGlobalIDString = 0CFAB6D62246CC75004AA4C7;
			remoteInfo = notes;
		};
/* End PBXContainerItemProxy section */

/* Begin PBXFileReference section */
		0C9EE9AA2259D4C50001B4FE /* NoteTest.swift */ = {isa = PBXFileReference; lastKnownFileType = sourcecode.swift; path = NoteTest.swift; sourceTree = "<group>"; };
		0C9EE9AE2259FF300001B4FE /* NoteServiceTest.swift */ = {isa = PBXFileReference; lastKnownFileType = sourcecode.swift; path = NoteServiceTest.swift; sourceTree = "<group>"; };
		0C6F3740225AC0CB0060EC2B /* GoogleService-Info.plist */ = {isa = PBXFileReference; fileEncoding = 4; lastKnownFileType = text.plist.xml; name = "GoogleService-Info.plist"; path = "../../../../Desktop/GoogleService-Info.plist"; sourceTree = "<group>"; };
		0C6F3742225AC21B0060EC2B /* AnalyticsService.swift */ = {isa = PBXFileReference; lastKnownFileType = sourcecode.swift; path = AnalyticsService.swift; sourceTree = "<group>"; };
		0C6F3744225AF72B0060EC2B /* NoteAnalyticsService.swift */ = {isa = PBXFileReference; lastKnownFileType = sourcecode.swift; path = NoteAnalyticsService.swift; sourceTree = "<group>"; };
		0CC2415B2247E6E300D681D4 /* UIView.swift */ = {isa = PBXFileReference; lastKnownFileType = sourcecode.swift; path = UIView.swift; sourceTree = "<group>"; };
		0CC2415D224AFFC100D681D4 /* String.swift */ = {isa = PBXFileReference; lastKnownFileType = sourcecode.swift; path = String.swift; sourceTree = "<group>"; };
		0CC2415F224B08BA00D681D4 /* Date.swift */ = {isa = PBXFileReference; lastKnownFileType = sourcecode.swift; path = Date.swift; sourceTree = "<group>"; };
		0CDC11C422588EEF006AE47B /* UIViewController.swift */ = {isa = PBXFileReference; lastKnownFileType = sourcecode.swift; path = UIViewController.swift; sourceTree = "<group>"; };
		0CDC11C62259274A006AE47B /* UIFont.swift */ = {isa = PBXFileReference; lastKnownFileType = sourcecode.swift; path = UIFont.swift; sourceTree = "<group>"; };
		0CE0BDA22246E4B6001C6401 /* NoteService.swift */ = {isa = PBXFileReference; lastKnownFileType = sourcecode.swift; path = NoteService.swift; sourceTree = "<group>"; };
		0CE0BDA82246F71B001C6401 /* NoteController.swift */ = {isa = PBXFileReference; lastKnownFileType = sourcecode.swift; path = NoteController.swift; sourceTree = "<group>"; };
		0CE0BDAD22472C02001C6401 /* NotesDataModel.xcdatamodel */ = {isa = PBXFileReference; lastKnownFileType = wrapper.xcdatamodel; path = NotesDataModel.xcdatamodel; sourceTree = "<group>"; };
		0CE0BDAF22473F16001C6401 /* Note.swift */ = {isa = PBXFileReference; lastKnownFileType = sourcecode.swift; path = Note.swift; sourceTree = "<group>"; };
		0CFAB6D72246CC75004AA4C7 /* notes.app */ = {isa = PBXFileReference; explicitFileType = wrapper.application; includeInIndex = 0; path = notes.app; sourceTree = BUILT_PRODUCTS_DIR; };
		0CFAB6DA2246CC75004AA4C7 /* AppDelegate.swift */ = {isa = PBXFileReference; lastKnownFileType = sourcecode.swift; path = AppDelegate.swift; sourceTree = "<group>"; };
		0CFAB6DC2246CC75004AA4C7 /* NoteListViewController.swift */ = {isa = PBXFileReference; lastKnownFileType = sourcecode.swift; path = NoteListViewController.swift; sourceTree = "<group>"; };
		0CFAB6E12246CC75004AA4C7 /* Assets.xcassets */ = {isa = PBXFileReference; lastKnownFileType = folder.assetcatalog; path = Assets.xcassets; sourceTree = "<group>"; };
		0CFAB6E42246CC75004AA4C7 /* Base */ = {isa = PBXFileReference; lastKnownFileType = file.storyboard; name = Base; path = Base.lproj/LaunchScreen.storyboard; sourceTree = "<group>"; };
		0CFAB6E62246CC75004AA4C7 /* Info.plist */ = {isa = PBXFileReference; lastKnownFileType = text.plist.xml; path = Info.plist; sourceTree = "<group>"; };
		0CFAB6EB2246CC75004AA4C7 /* notesTests.xctest */ = {isa = PBXFileReference; explicitFileType = wrapper.cfbundle; includeInIndex = 0; path = notesTests.xctest; sourceTree = BUILT_PRODUCTS_DIR; };
		0CFAB6F12246CC75004AA4C7 /* Info.plist */ = {isa = PBXFileReference; lastKnownFileType = text.plist.xml; path = Info.plist; sourceTree = "<group>"; };
		275348E1C1C597F91A1C372F /* Pods-notesTests.release.xcconfig */ = {isa = PBXFileReference; includeInIndex = 1; lastKnownFileType = text.xcconfig; name = "Pods-notesTests.release.xcconfig"; path = "Target Support Files/Pods-notesTests/Pods-notesTests.release.xcconfig"; sourceTree = "<group>"; };
		58F6AE84DD580FE816F8A038 /* Pods-notes.debug.xcconfig */ = {isa = PBXFileReference; includeInIndex = 1; lastKnownFileType = text.xcconfig; name = "Pods-notes.debug.xcconfig"; path = "Target Support Files/Pods-notes/Pods-notes.debug.xcconfig"; sourceTree = "<group>"; };
		7C2FD1ED2DE9422FB8B7FF20 /* Pods-notes.release.xcconfig */ = {isa = PBXFileReference; includeInIndex = 1; lastKnownFileType = text.xcconfig; name = "Pods-notes.release.xcconfig"; path = "Target Support Files/Pods-notes/Pods-notes.release.xcconfig"; sourceTree = "<group>"; };
		886BE0F09E2BDD61D0687821 /* Pods-notesTests.debug.xcconfig */ = {isa = PBXFileReference; includeInIndex = 1; lastKnownFileType = text.xcconfig; name = "Pods-notesTests.debug.xcconfig"; path = "Target Support Files/Pods-notesTests/Pods-notesTests.debug.xcconfig"; sourceTree = "<group>"; };
		D5DED100D189F48119165771 /* Pods_notes.framework */ = {isa = PBXFileReference; explicitFileType = wrapper.framework; includeInIndex = 0; path = Pods_notes.framework; sourceTree = BUILT_PRODUCTS_DIR; };
		DD0CD553672359178709F12F /* Pods_notesTests.framework */ = {isa = PBXFileReference; explicitFileType = wrapper.framework; includeInIndex = 0; path = Pods_notesTests.framework; sourceTree = BUILT_PRODUCTS_DIR; };
/* End PBXFileReference section */

/* Begin PBXFrameworksBuildPhase section */
		0CFAB6D42246CC75004AA4C7 /* Frameworks */ = {
			isa = PBXFrameworksBuildPhase;
			buildActionMask = 2147483647;
			files = (
				28186047C557FA20AF1808CD /* Pods_notes.framework in Frameworks */,
			);
			runOnlyForDeploymentPostprocessing = 0;
		};
		0CFAB6E82246CC75004AA4C7 /* Frameworks */ = {
			isa = PBXFrameworksBuildPhase;
			buildActionMask = 2147483647;
			files = (
				34AA1F2CDE20F29F7234AAFE /* Pods_notesTests.framework in Frameworks */,
			);
			runOnlyForDeploymentPostprocessing = 0;
		};
/* End PBXFrameworksBuildPhase section */

/* Begin PBXGroup section */
		0C9EE9A92259D48D0001B4FE /* model */ = {
			isa = PBXGroup;
			children = (
				0C9EE9AA2259D4C50001B4FE /* NoteTest.swift */,
			);
			path = model;
			sourceTree = "<group>";
		};
		0C9EE9AD2259FF1E0001B4FE /* service */ = {
			isa = PBXGroup;
			children = (
				0C9EE9AE2259FF300001B4FE /* NoteServiceTest.swift */,
			);
			path = service;
			sourceTree = "<group>";
		};
		0CC2415A2247E6B100D681D4 /* extension */ = {
			isa = PBXGroup;
			children = (
				0CC2415B2247E6E300D681D4 /* UIView.swift */,
				0CC2415D224AFFC100D681D4 /* String.swift */,
				0CC2415F224B08BA00D681D4 /* Date.swift */,
				0CDC11C422588EEF006AE47B /* UIViewController.swift */,
				0CDC11C62259274A006AE47B /* UIFont.swift */,
			);
			path = extension;
			sourceTree = "<group>";
		};
		0CE0BD9C2246E3B0001C6401 /* model */ = {
			isa = PBXGroup;
			children = (
				0CE0BDAF22473F16001C6401 /* Note.swift */,
			);
			path = model;
			sourceTree = "<group>";
		};
		0CE0BDA12246E4AB001C6401 /* service */ = {
			isa = PBXGroup;
			children = (
				0CE0BDA22246E4B6001C6401 /* NoteService.swift */,
				0C6F3742225AC21B0060EC2B /* AnalyticsService.swift */,
				0C6F3744225AF72B0060EC2B /* NoteAnalyticsService.swift */,
			);
			path = service;
			sourceTree = "<group>";
		};
		0CE0BDA72246F707001C6401 /* controller */ = {
			isa = PBXGroup;
			children = (
				0CFAB6DC2246CC75004AA4C7 /* NoteListViewController.swift */,
				0CE0BDA82246F71B001C6401 /* NoteController.swift */,
			);
			path = controller;
			sourceTree = "<group>";
		};
		0CFAB6CE2246CC75004AA4C7 = {
			isa = PBXGroup;
			children = (
				0CFAB6D92246CC75004AA4C7 /* notes */,
				0CFAB6EE2246CC75004AA4C7 /* notesTests */,
				0CFAB6D82246CC75004AA4C7 /* Products */,
				F67DFC55D68A23D5C5EB164F /* Pods */,
				217616F3A2A32A142EB83DC0 /* Frameworks */,
			);
			sourceTree = "<group>";
		};
		0CFAB6D82246CC75004AA4C7 /* Products */ = {
			isa = PBXGroup;
			children = (
				0CFAB6D72246CC75004AA4C7 /* notes.app */,
				0CFAB6EB2246CC75004AA4C7 /* notesTests.xctest */,
			);
			name = Products;
			sourceTree = "<group>";
		};
		0CFAB6D92246CC75004AA4C7 /* notes */ = {
			isa = PBXGroup;
			children = (
				0CC2415A2247E6B100D681D4 /* extension */,
				0CE0BDA72246F707001C6401 /* controller */,
				0CE0BDA12246E4AB001C6401 /* service */,
				0CE0BD9C2246E3B0001C6401 /* model */,
				0CFAB6DA2246CC75004AA4C7 /* AppDelegate.swift */,
				0CFAB6E12246CC75004AA4C7 /* Assets.xcassets */,
				0CFAB6E32246CC75004AA4C7 /* LaunchScreen.storyboard */,
				0CE0BDAC22472C02001C6401 /* NotesDataModel.xcdatamodeld */,
				0CFAB6E62246CC75004AA4C7 /* Info.plist */,
				0C6F3740225AC0CB0060EC2B /* GoogleService-Info.plist */,
			);
			path = notes;
			sourceTree = "<group>";
		};
		0CFAB6EE2246CC75004AA4C7 /* notesTests */ = {
			isa = PBXGroup;
			children = (
				0C9EE9AD2259FF1E0001B4FE /* service */,
				0C9EE9A92259D48D0001B4FE /* model */,
				0CFAB6F12246CC75004AA4C7 /* Info.plist */,
			);
			path = notesTests;
			sourceTree = "<group>";
		};
		217616F3A2A32A142EB83DC0 /* Frameworks */ = {
			isa = PBXGroup;
			children = (
				D5DED100D189F48119165771 /* Pods_notes.framework */,
				DD0CD553672359178709F12F /* Pods_notesTests.framework */,
			);
			name = Frameworks;
			sourceTree = "<group>";
		};
		F67DFC55D68A23D5C5EB164F /* Pods */ = {
			isa = PBXGroup;
			children = (
				58F6AE84DD580FE816F8A038 /* Pods-notes.debug.xcconfig */,
				7C2FD1ED2DE9422FB8B7FF20 /* Pods-notes.release.xcconfig */,
				886BE0F09E2BDD61D0687821 /* Pods-notesTests.debug.xcconfig */,
				275348E1C1C597F91A1C372F /* Pods-notesTests.release.xcconfig */,
			);
			path = Pods;
			sourceTree = "<group>";
		};
/* End PBXGroup section */

/* Begin PBXNativeTarget section */
		0CFAB6D62246CC75004AA4C7 /* notes */ = {
			isa = PBXNativeTarget;
			buildConfigurationList = 0CFAB6F42246CC75004AA4C7 /* Build configuration list for PBXNativeTarget "notes" */;
			buildPhases = (
				1A38F918B0A8E78C264F260D /* [CP] Check Pods Manifest.lock */,
				0CFAB6D32246CC75004AA4C7 /* Sources */,
				0CFAB6D42246CC75004AA4C7 /* Frameworks */,
				0CFAB6D52246CC75004AA4C7 /* Resources */,
				F77688F2F6AD1A43B0AE2E07 /* [CP] Embed Pods Frameworks */,
			);
			buildRules = (
			);
			dependencies = (
			);
			name = notes;
			productName = notes;
			productReference = 0CFAB6D72246CC75004AA4C7 /* notes.app */;
			productType = "com.apple.product-type.application";
		};
		0CFAB6EA2246CC75004AA4C7 /* notesTests */ = {
			isa = PBXNativeTarget;
			buildConfigurationList = 0CFAB6F72246CC75004AA4C7 /* Build configuration list for PBXNativeTarget "notesTests" */;
			buildPhases = (
				34F3C2E4496BFB36F92BE32D /* [CP] Check Pods Manifest.lock */,
				0CFAB6E72246CC75004AA4C7 /* Sources */,
				0CFAB6E82246CC75004AA4C7 /* Frameworks */,
				0CFAB6E92246CC75004AA4C7 /* Resources */,
			);
			buildRules = (
			);
			dependencies = (
				0CFAB6ED2246CC75004AA4C7 /* PBXTargetDependency */,
			);
			name = notesTests;
			productName = notesTests;
			productReference = 0CFAB6EB2246CC75004AA4C7 /* notesTests.xctest */;
			productType = "com.apple.product-type.bundle.unit-test";
		};
/* End PBXNativeTarget section */

/* Begin PBXProject section */
		0CFAB6CF2246CC75004AA4C7 /* Project object */ = {
			isa = PBXProject;
			attributes = {
				LastSwiftUpdateCheck = 1010;
				LastUpgradeCheck = 1010;
				ORGANIZATIONNAME = jabari;
				TargetAttributes = {
					0CFAB6D62246CC75004AA4C7 = {
						CreatedOnToolsVersion = 10.1;
					};
					0CFAB6EA2246CC75004AA4C7 = {
						CreatedOnToolsVersion = 10.1;
						TestTargetID = 0CFAB6D62246CC75004AA4C7;
					};
				};
			};
			buildConfigurationList = 0CFAB6D22246CC75004AA4C7 /* Build configuration list for PBXProject "notes" */;
			compatibilityVersion = "Xcode 9.3";
			developmentRegion = en;
			hasScannedForEncodings = 0;
			knownRegions = (
				en,
				Base,
			);
			mainGroup = 0CFAB6CE2246CC75004AA4C7;
			productRefGroup = 0CFAB6D82246CC75004AA4C7 /* Products */;
			projectDirPath = "";
			projectRoot = "";
			targets = (
				0CFAB6D62246CC75004AA4C7 /* notes */,
				0CFAB6EA2246CC75004AA4C7 /* notesTests */,
			);
		};
/* End PBXProject section */

/* Begin PBXResourcesBuildPhase section */
		0CFAB6D52246CC75004AA4C7 /* Resources */ = {
			isa = PBXResourcesBuildPhase;
			buildActionMask = 2147483647;
			files = (
				0CFAB6E52246CC75004AA4C7 /* LaunchScreen.storyboard in Resources */,
				0CFAB6E22246CC75004AA4C7 /* Assets.xcassets in Resources */,
				0C6F3741225AC0CB0060EC2B /* GoogleService-Info.plist in Resources */,
			);
			runOnlyForDeploymentPostprocessing = 0;
		};
		0CFAB6E92246CC75004AA4C7 /* Resources */ = {
			isa = PBXResourcesBuildPhase;
			buildActionMask = 2147483647;
			files = (
			);
			runOnlyForDeploymentPostprocessing = 0;
		};
/* End PBXResourcesBuildPhase section */

/* Begin PBXShellScriptBuildPhase section */
		1A38F918B0A8E78C264F260D /* [CP] Check Pods Manifest.lock */ = {
			isa = PBXShellScriptBuildPhase;
			buildActionMask = 2147483647;
			files = (
			);
			inputFileListPaths = (
			);
			inputPaths = (
				"${PODS_PODFILE_DIR_PATH}/Podfile.lock",
				"${PODS_ROOT}/Manifest.lock",
			);
			name = "[CP] Check Pods Manifest.lock";
			outputFileListPaths = (
			);
			outputPaths = (
				"$(DERIVED_FILE_DIR)/Pods-notes-checkManifestLockResult.txt",
			);
			runOnlyForDeploymentPostprocessing = 0;
			shellPath = /bin/sh;
			shellScript = "diff \"${PODS_PODFILE_DIR_PATH}/Podfile.lock\" \"${PODS_ROOT}/Manifest.lock\" > /dev/null\nif [ $? != 0 ] ; then\n    # print error to STDERR\n    echo \"error: The sandbox is not in sync with the Podfile.lock. Run 'pod install' or update your CocoaPods installation.\" >&2\n    exit 1\nfi\n# This output is used by Xcode 'outputs' to avoid re-running this script phase.\necho \"SUCCESS\" > \"${SCRIPT_OUTPUT_FILE_0}\"\n";
			showEnvVarsInLog = 0;
		};
		34F3C2E4496BFB36F92BE32D /* [CP] Check Pods Manifest.lock */ = {
			isa = PBXShellScriptBuildPhase;
			buildActionMask = 2147483647;
			files = (
			);
			inputFileListPaths = (
			);
			inputPaths = (
				"${PODS_PODFILE_DIR_PATH}/Podfile.lock",
				"${PODS_ROOT}/Manifest.lock",
			);
			name = "[CP] Check Pods Manifest.lock";
			outputFileListPaths = (
			);
			outputPaths = (
				"$(DERIVED_FILE_DIR)/Pods-notesTests-checkManifestLockResult.txt",
			);
			runOnlyForDeploymentPostprocessing = 0;
			shellPath = /bin/sh;
			shellScript = "diff \"${PODS_PODFILE_DIR_PATH}/Podfile.lock\" \"${PODS_ROOT}/Manifest.lock\" > /dev/null\nif [ $? != 0 ] ; then\n    # print error to STDERR\n    echo \"error: The sandbox is not in sync with the Podfile.lock. Run 'pod install' or update your CocoaPods installation.\" >&2\n    exit 1\nfi\n# This output is used by Xcode 'outputs' to avoid re-running this script phase.\necho \"SUCCESS\" > \"${SCRIPT_OUTPUT_FILE_0}\"\n";
			showEnvVarsInLog = 0;
		};
		F77688F2F6AD1A43B0AE2E07 /* [CP] Embed Pods Frameworks */ = {
			isa = PBXShellScriptBuildPhase;
			buildActionMask = 2147483647;
			files = (
			);
			inputFileListPaths = (
			);
			inputPaths = (
				"${PODS_ROOT}/Target Support Files/Pods-notes/Pods-notes-frameworks.sh",
				"${BUILT_PRODUCTS_DIR}/Alamofire/Alamofire.framework",
				"${BUILT_PRODUCTS_DIR}/GoogleUtilities/GoogleUtilities.framework",
				"${BUILT_PRODUCTS_DIR}/nanopb/nanopb.framework",
			);
			name = "[CP] Embed Pods Frameworks";
			outputFileListPaths = (
			);
			outputPaths = (
				"${TARGET_BUILD_DIR}/${FRAMEWORKS_FOLDER_PATH}/Alamofire.framework",
				"${TARGET_BUILD_DIR}/${FRAMEWORKS_FOLDER_PATH}/GoogleUtilities.framework",
				"${TARGET_BUILD_DIR}/${FRAMEWORKS_FOLDER_PATH}/nanopb.framework",
			);
			runOnlyForDeploymentPostprocessing = 0;
			shellPath = /bin/sh;
			shellScript = "\"${PODS_ROOT}/Target Support Files/Pods-notes/Pods-notes-frameworks.sh\"\n";
			showEnvVarsInLog = 0;
		};
/* End PBXShellScriptBuildPhase section */

/* Begin PBXSourcesBuildPhase section */
		0CFAB6D32246CC75004AA4C7 /* Sources */ = {
			isa = PBXSourcesBuildPhase;
			buildActionMask = 2147483647;
			files = (
				0CFAB6DD2246CC75004AA4C7 /* NoteListViewController.swift in Sources */,
				0CE0BDAE22472C02001C6401 /* NotesDataModel.xcdatamodeld in Sources */,
				0CDC11C522588EEF006AE47B /* UIViewController.swift in Sources */,
				0CC2415E224AFFC100D681D4 /* String.swift in Sources */,
				0CFAB6DB2246CC75004AA4C7 /* AppDelegate.swift in Sources */,
				0C6F3745225AF72B0060EC2B /* NoteAnalyticsService.swift in Sources */,
				0CE0BDA32246E4B6001C6401 /* NoteService.swift in Sources */,
				0CE0BDA92246F71B001C6401 /* NoteController.swift in Sources */,
				0CDC11C72259274A006AE47B /* UIFont.swift in Sources */,
				0CC24160224B08BA00D681D4 /* Date.swift in Sources */,
				0CC2415C2247E6E300D681D4 /* UIView.swift in Sources */,
				0C6F3743225AC21B0060EC2B /* AnalyticsService.swift in Sources */,
				0CE0BDB022473F16001C6401 /* Note.swift in Sources */,
			);
			runOnlyForDeploymentPostprocessing = 0;
		};
		0CFAB6E72246CC75004AA4C7 /* Sources */ = {
			isa = PBXSourcesBuildPhase;
			buildActionMask = 2147483647;
			files = (
				0C9EE9AF2259FF300001B4FE /* NoteServiceTest.swift in Sources */,
				0C9EE9AB2259D4C50001B4FE /* NoteTest.swift in Sources */,
			);
			runOnlyForDeploymentPostprocessing = 0;
		};
/* End PBXSourcesBuildPhase section */

/* Begin PBXTargetDependency section */
		0CFAB6ED2246CC75004AA4C7 /* PBXTargetDependency */ = {
			isa = PBXTargetDependency;
			target = 0CFAB6D62246CC75004AA4C7 /* notes */;
			targetProxy = 0CFAB6EC2246CC75004AA4C7 /* PBXContainerItemProxy */;
		};
/* End PBXTargetDependency section */

/* Begin PBXVariantGroup section */
		0CFAB6E32246CC75004AA4C7 /* LaunchScreen.storyboard */ = {
			isa = PBXVariantGroup;
			children = (
				0CFAB6E42246CC75004AA4C7 /* Base */,
			);
			name = LaunchScreen.storyboard;
			sourceTree = "<group>";
		};
/* End PBXVariantGroup section */

/* Begin XCBuildConfiguration section */
		0CFAB6F22246CC75004AA4C7 /* Debug */ = {
			isa = XCBuildConfiguration;
			buildSettings = {
				ALWAYS_SEARCH_USER_PATHS = NO;
				CLANG_ANALYZER_NONNULL = YES;
				CLANG_ANALYZER_NUMBER_OBJECT_CONVERSION = YES_AGGRESSIVE;
				CLANG_CXX_LANGUAGE_STANDARD = "gnu++14";
				CLANG_CXX_LIBRARY = "libc++";
				CLANG_ENABLE_MODULES = YES;
				CLANG_ENABLE_OBJC_ARC = YES;
				CLANG_ENABLE_OBJC_WEAK = YES;
				CLANG_WARN_BLOCK_CAPTURE_AUTORELEASING = YES;
				CLANG_WARN_BOOL_CONVERSION = YES;
				CLANG_WARN_COMMA = YES;
				CLANG_WARN_CONSTANT_CONVERSION = YES;
				CLANG_WARN_DEPRECATED_OBJC_IMPLEMENTATIONS = YES;
				CLANG_WARN_DIRECT_OBJC_ISA_USAGE = YES_ERROR;
				CLANG_WARN_DOCUMENTATION_COMMENTS = YES;
				CLANG_WARN_EMPTY_BODY = YES;
				CLANG_WARN_ENUM_CONVERSION = YES;
				CLANG_WARN_INFINITE_RECURSION = YES;
				CLANG_WARN_INT_CONVERSION = YES;
				CLANG_WARN_NON_LITERAL_NULL_CONVERSION = YES;
				CLANG_WARN_OBJC_IMPLICIT_RETAIN_SELF = YES;
				CLANG_WARN_OBJC_LITERAL_CONVERSION = YES;
				CLANG_WARN_OBJC_ROOT_CLASS = YES_ERROR;
				CLANG_WARN_RANGE_LOOP_ANALYSIS = YES;
				CLANG_WARN_STRICT_PROTOTYPES = YES;
				CLANG_WARN_SUSPICIOUS_MOVE = YES;
				CLANG_WARN_UNGUARDED_AVAILABILITY = YES_AGGRESSIVE;
				CLANG_WARN_UNREACHABLE_CODE = YES;
				CLANG_WARN__DUPLICATE_METHOD_MATCH = YES;
				CODE_SIGN_IDENTITY = "iPhone Developer";
				COPY_PHASE_STRIP = NO;
				DEBUG_INFORMATION_FORMAT = dwarf;
				ENABLE_STRICT_OBJC_MSGSEND = YES;
				ENABLE_TESTABILITY = YES;
				GCC_C_LANGUAGE_STANDARD = gnu11;
				GCC_DYNAMIC_NO_PIC = NO;
				GCC_NO_COMMON_BLOCKS = YES;
				GCC_OPTIMIZATION_LEVEL = 0;
				GCC_PREPROCESSOR_DEFINITIONS = (
					"DEBUG=1",
					"$(inherited)",
				);
				GCC_WARN_64_TO_32_BIT_CONVERSION = YES;
				GCC_WARN_ABOUT_RETURN_TYPE = YES_ERROR;
				GCC_WARN_UNDECLARED_SELECTOR = YES;
				GCC_WARN_UNINITIALIZED_AUTOS = YES_AGGRESSIVE;
				GCC_WARN_UNUSED_FUNCTION = YES;
				GCC_WARN_UNUSED_VARIABLE = YES;
				IPHONEOS_DEPLOYMENT_TARGET = 12.1;
				MTL_ENABLE_DEBUG_INFO = INCLUDE_SOURCE;
				MTL_FAST_MATH = YES;
				ONLY_ACTIVE_ARCH = YES;
				SDKROOT = iphoneos;
				SWIFT_ACTIVE_COMPILATION_CONDITIONS = DEBUG;
				SWIFT_OPTIMIZATION_LEVEL = "-Onone";
			};
			name = Debug;
		};
		0CFAB6F32246CC75004AA4C7 /* Release */ = {
			isa = XCBuildConfiguration;
			buildSettings = {
				ALWAYS_SEARCH_USER_PATHS = NO;
				CLANG_ANALYZER_NONNULL = YES;
				CLANG_ANALYZER_NUMBER_OBJECT_CONVERSION = YES_AGGRESSIVE;
				CLANG_CXX_LANGUAGE_STANDARD = "gnu++14";
				CLANG_CXX_LIBRARY = "libc++";
				CLANG_ENABLE_MODULES = YES;
				CLANG_ENABLE_OBJC_ARC = YES;
				CLANG_ENABLE_OBJC_WEAK = YES;
				CLANG_WARN_BLOCK_CAPTURE_AUTORELEASING = YES;
				CLANG_WARN_BOOL_CONVERSION = YES;
				CLANG_WARN_COMMA = YES;
				CLANG_WARN_CONSTANT_CONVERSION = YES;
				CLANG_WARN_DEPRECATED_OBJC_IMPLEMENTATIONS = YES;
				CLANG_WARN_DIRECT_OBJC_ISA_USAGE = YES_ERROR;
				CLANG_WARN_DOCUMENTATION_COMMENTS = YES;
				CLANG_WARN_EMPTY_BODY = YES;
				CLANG_WARN_ENUM_CONVERSION = YES;
				CLANG_WARN_INFINITE_RECURSION = YES;
				CLANG_WARN_INT_CONVERSION = YES;
				CLANG_WARN_NON_LITERAL_NULL_CONVERSION = YES;
				CLANG_WARN_OBJC_IMPLICIT_RETAIN_SELF = YES;
				CLANG_WARN_OBJC_LITERAL_CONVERSION = YES;
				CLANG_WARN_OBJC_ROOT_CLASS = YES_ERROR;
				CLANG_WARN_RANGE_LOOP_ANALYSIS = YES;
				CLANG_WARN_STRICT_PROTOTYPES = YES;
				CLANG_WARN_SUSPICIOUS_MOVE = YES;
				CLANG_WARN_UNGUARDED_AVAILABILITY = YES_AGGRESSIVE;
				CLANG_WARN_UNREACHABLE_CODE = YES;
				CLANG_WARN__DUPLICATE_METHOD_MATCH = YES;
				CODE_SIGN_IDENTITY = "iPhone Developer";
				COPY_PHASE_STRIP = NO;
				DEBUG_INFORMATION_FORMAT = "dwarf-with-dsym";
				ENABLE_NS_ASSERTIONS = NO;
				ENABLE_STRICT_OBJC_MSGSEND = YES;
				GCC_C_LANGUAGE_STANDARD = gnu11;
				GCC_NO_COMMON_BLOCKS = YES;
				GCC_WARN_64_TO_32_BIT_CONVERSION = YES;
				GCC_WARN_ABOUT_RETURN_TYPE = YES_ERROR;
				GCC_WARN_UNDECLARED_SELECTOR = YES;
				GCC_WARN_UNINITIALIZED_AUTOS = YES_AGGRESSIVE;
				GCC_WARN_UNUSED_FUNCTION = YES;
				GCC_WARN_UNUSED_VARIABLE = YES;
				IPHONEOS_DEPLOYMENT_TARGET = 12.1;
				MTL_ENABLE_DEBUG_INFO = NO;
				MTL_FAST_MATH = YES;
				SDKROOT = iphoneos;
				SWIFT_COMPILATION_MODE = wholemodule;
				SWIFT_OPTIMIZATION_LEVEL = "-O";
				VALIDATE_PRODUCT = YES;
			};
			name = Release;
		};
		0CFAB6F52246CC75004AA4C7 /* Debug */ = {
			isa = XCBuildConfiguration;
			baseConfigurationReference = 58F6AE84DD580FE816F8A038 /* Pods-notes.debug.xcconfig */;
			buildSettings = {
				ASSETCATALOG_COMPILER_APPICON_NAME = AppIcon;
				CODE_SIGN_STYLE = Automatic;
				DEVELOPMENT_TEAM = 62TYL29D89;
				INFOPLIST_FILE = notes/Info.plist;
				IPHONEOS_DEPLOYMENT_TARGET = 12.0;
				LD_RUNPATH_SEARCH_PATHS = (
					"$(inherited)",
					"@executable_path/Frameworks",
				);
				PRODUCT_BUNDLE_IDENTIFIER = com.jabaridash.notes;
				PRODUCT_NAME = "$(TARGET_NAME)";
				SWIFT_VERSION = 4.2;
				TARGETED_DEVICE_FAMILY = "1,2";
			};
			name = Debug;
		};
		0CFAB6F62246CC75004AA4C7 /* Release */ = {
			isa = XCBuildConfiguration;
			baseConfigurationReference = 7C2FD1ED2DE9422FB8B7FF20 /* Pods-notes.release.xcconfig */;
			buildSettings = {
				ASSETCATALOG_COMPILER_APPICON_NAME = AppIcon;
				CODE_SIGN_STYLE = Automatic;
				DEVELOPMENT_TEAM = 62TYL29D89;
				INFOPLIST_FILE = notes/Info.plist;
				IPHONEOS_DEPLOYMENT_TARGET = 12.0;
				LD_RUNPATH_SEARCH_PATHS = (
					"$(inherited)",
					"@executable_path/Frameworks",
				);
				PRODUCT_BUNDLE_IDENTIFIER = com.jabaridash.notes;
				PRODUCT_NAME = "$(TARGET_NAME)";
				SWIFT_VERSION = 4.2;
				TARGETED_DEVICE_FAMILY = "1,2";
			};
			name = Release;
		};
		0CFAB6F82246CC75004AA4C7 /* Debug */ = {
			isa = XCBuildConfiguration;
			baseConfigurationReference = 886BE0F09E2BDD61D0687821 /* Pods-notesTests.debug.xcconfig */;
			buildSettings = {
				ALWAYS_EMBED_SWIFT_STANDARD_LIBRARIES = YES;
				BUNDLE_LOADER = "$(TEST_HOST)";
				CODE_SIGN_STYLE = Automatic;
				DEVELOPMENT_TEAM = 62TYL29D89;
				INFOPLIST_FILE = notesTests/Info.plist;
				LD_RUNPATH_SEARCH_PATHS = (
					"$(inherited)",
					"@executable_path/Frameworks",
					"@loader_path/Frameworks",
				);
				PRODUCT_BUNDLE_IDENTIFIER = com.jabaridash.notesTests;
				PRODUCT_NAME = "$(TARGET_NAME)";
				SWIFT_VERSION = 4.2;
				TARGETED_DEVICE_FAMILY = "1,2";
				TEST_HOST = "$(BUILT_PRODUCTS_DIR)/notes.app/notes";
			};
			name = Debug;
		};
		0CFAB6F92246CC75004AA4C7 /* Release */ = {
			isa = XCBuildConfiguration;
			baseConfigurationReference = 275348E1C1C597F91A1C372F /* Pods-notesTests.release.xcconfig */;
			buildSettings = {
				ALWAYS_EMBED_SWIFT_STANDARD_LIBRARIES = YES;
				BUNDLE_LOADER = "$(TEST_HOST)";
				CODE_SIGN_STYLE = Automatic;
				DEVELOPMENT_TEAM = 62TYL29D89;
				INFOPLIST_FILE = notesTests/Info.plist;
				LD_RUNPATH_SEARCH_PATHS = (
					"$(inherited)",
					"@executable_path/Frameworks",
					"@loader_path/Frameworks",
				);
				PRODUCT_BUNDLE_IDENTIFIER = com.jabaridash.notesTests;
				PRODUCT_NAME = "$(TARGET_NAME)";
				SWIFT_VERSION = 4.2;
				TARGETED_DEVICE_FAMILY = "1,2";
				TEST_HOST = "$(BUILT_PRODUCTS_DIR)/notes.app/notes";
			};
			name = Release;
		};
/* End XCBuildConfiguration section */

/* Begin XCConfigurationList section */
		0CFAB6D22246CC75004AA4C7 /* Build configuration list for PBXProject "notes" */ = {
			isa = XCConfigurationList;
			buildConfigurations = (
				0CFAB6F22246CC75004AA4C7 /* Debug */,
				0CFAB6F32246CC75004AA4C7 /* Release */,
			);
			defaultConfigurationIsVisible = 0;
			defaultConfigurationName = Release;
		};
		0CFAB6F42246CC75004AA4C7 /* Build configuration list for PBXNativeTarget "notes" */ = {
			isa = XCConfigurationList;
			buildConfigurations = (
				0CFAB6F52246CC75004AA4C7 /* Debug */,
				0CFAB6F62246CC75004AA4C7 /* Release */,
			);
			defaultConfigurationIsVisible = 0;
			defaultConfigurationName = Release;
		};
		0CFAB6F72246CC75004AA4C7 /* Build configuration list for PBXNativeTarget "notesTests" */ = {
			isa = XCConfigurationList;
			buildConfigurations = (
				0CFAB6F82246CC75004AA4C7 /* Debug */,
				0CFAB6F92246CC75004AA4C7 /* Release */,
			);
			defaultConfigurationIsVisible = 0;
			defaultConfigurationName = Release;
		};
/* End XCConfigurationList section */

/* Begin XCVersionGroup section */
		0CE0BDAC22472C02001C6401 /* NotesDataModel.xcdatamodeld */ = {
			isa = XCVersionGroup;
			children = (
				0CE0BDAD22472C02001C6401 /* NotesDataModel.xcdatamodel */,
			);
			currentVersion = 0CE0BDAD22472C02001C6401 /* NotesDataModel.xcdatamodel */;
			path = NotesDataModel.xcdatamodeld;
			sourceTree = "<group>";
			versionGroupType = wrapper.xcdatamodel;
		};
/* End XCVersionGroup section */
	};
	rootObject = 0CFAB6CF2246CC75004AA4C7 /* Project object */;
}
